
Microsoft Visual Studio Solution File, Format Version 12.00
# Visual Studio 15
VisualStudioVersion = 15.0.27130.2027
MinimumVisualStudioVersion = 10.0.40219.1
Project("{FAE04EC0-301F-11D3-BF4B-00C04F79EFBC}") = "_10_2", "10_2\_10_2.csproj", "{06437D6D-0239-4C93-8654-16587B96E19A}"
EndProject
Global
	GlobalSection(SolutionConfigurationPlatforms) = preSolution
		Debug|Any CPU = Debug|Any CPU
		Release|Any CPU = Release|Any CPU
	EndGlobalSection
	GlobalSection(ProjectConfigurationPlatforms) = postSolution
		{06437D6D-0239-4C93-8654-16587B96E19A}.Debug|Any CPU.ActiveCfg = Debug|Any CPU
		{06437D6D-0239-4C93-8654-16587B96E19A}.Debug|Any CPU.Build.0 = Debug|Any CPU
		{06437D6D-0239-4C93-8654-16587B96E19A}.Release|Any CPU.ActiveCfg = Release|Any CPU
		{06437D6D-0239-4C93-8654-16587B96E19A}.Release|Any CPU.Build.0 = Release|Any CPU
	EndGlobalSection
	GlobalSection(SolutionProperties) = preSolution
		HideSolutionNode = FALSE
	EndGlobalSection
	GlobalSection(ExtensibilityGlobals) = postSolution
		SolutionGuid = {72F6F52B-B10D-40CE-88E2-61D0B9D601A9}
	EndGlobalSection
EndGlobal
